// !$*UTF8*$!
{
	archiveVersion = 1;
	classes = {
	};
	objectVersion = 46;
	objects = {

/* Begin PBXBuildFile section */
		AE015B4716F6EBA7000D5CB5 /* SystemConfiguration.framework in Frameworks */ = {isa = PBXBuildFile; fileRef = AE015B4616F6EBA7000D5CB5 /* SystemConfiguration.framework */; };
		AE15045216F82CA30075D41D /* Settings.bundle in Resources */ = {isa = PBXBuildFile; fileRef = AE15045116F82CA30075D41D /* Settings.bundle */; };
		AE15045416F82D2D0075D41D /* Icon-Settings.png in Resources */ = {isa = PBXBuildFile; fileRef = AE15045316F82D2D0075D41D /* Icon-Settings.png */; };
		AE22DCE916F8C1B600DB97F2 /* Default@2x.png in Resources */ = {isa = PBXBuildFile; fileRef = AE22DCE816F8C1B600DB97F2 /* Default@2x.png */; };
		AE27216716F76739001EBC5B /* blue_pressed.png in Resources */ = {isa = PBXBuildFile; fileRef = AE27216516F76739001EBC5B /* blue_pressed.png */; };
		AE27216A16F76788001EBC5B /* bluepost2.png in Resources */ = {isa = PBXBuildFile; fileRef = AE27216916F76788001EBC5B /* bluepost2.png */; };
		AE33B65B16E83867006DABA8 /* Icon-72.png in Resources */ = {isa = PBXBuildFile; fileRef = AE33B65916E83867006DABA8 /* Icon-72.png */; };
		AE33B65C16E83867006DABA8 /* Icon-72@2x.png in Resources */ = {isa = PBXBuildFile; fileRef = AE33B65A16E83867006DABA8 /* Icon-72@2x.png */; };
		AE33B66516E839B7006DABA8 /* ThirdViewController.m in Sources */ = {isa = PBXBuildFile; fileRef = AE33B66416E839B7006DABA8 /* ThirdViewController.m */; };
		AE33B66716E84295006DABA8 /* Foundit_final_iOS.png in Resources */ = {isa = PBXBuildFile; fileRef = AE33B66616E84295006DABA8 /* Foundit_final_iOS.png */; };
		AE33B67A16E84FAE006DABA8 /* FounditLogo@2x.png in Resources */ = {isa = PBXBuildFile; fileRef = AE33B67916E84FAE006DABA8 /* FounditLogo@2x.png */; };
		AE415DAE16E95ED1005021EE /* PostingsFoundViewController.m in Sources */ = {isa = PBXBuildFile; fileRef = AE415DAD16E95ED1005021EE /* PostingsFoundViewController.m */; };
		AE415DB116E95EDF005021EE /* PostingsLostViewController.m in Sources */ = {isa = PBXBuildFile; fileRef = AE415DB016E95EDF005021EE /* PostingsLostViewController.m */; };
		AE45A43516F1812800C630DD /* Clouds_only2.png in Resources */ = {isa = PBXBuildFile; fileRef = AE45A43416F1812800C630DD /* Clouds_only2.png */; };
		AE45A44716F1869500C630DD /* UIBackground.png in Resources */ = {isa = PBXBuildFile; fileRef = AE45A44616F1869500C630DD /* UIBackground.png */; };
		AE45A45216F19E1000C630DD /* LargeImageViewController.m in Sources */ = {isa = PBXBuildFile; fileRef = AE45A45116F19E1000C630DD /* LargeImageViewController.m */; };
		AE4898A416EEEA9600A2C5BE /* PostingsViewController.m in Sources */ = {isa = PBXBuildFile; fileRef = AE4898A316EEEA9600A2C5BE /* PostingsViewController.m */; };
		AE597E0316E8683E00A24D62 /* HUD.m in Sources */ = {isa = PBXBuildFile; fileRef = AE597DFE16E8683E00A24D62 /* HUD.m */; };
		AE597E1F16E8686100A24D62 /* JSONModel.m in Sources */ = {isa = PBXBuildFile; fileRef = AE597E0816E8686100A24D62 /* JSONModel.m */; };
		AE597E2016E8686100A24D62 /* JSONModelArray.m in Sources */ = {isa = PBXBuildFile; fileRef = AE597E0A16E8686100A24D62 /* JSONModelArray.m */; };
		AE597E2116E8686100A24D62 /* JSONModelClassProperty.m in Sources */ = {isa = PBXBuildFile; fileRef = AE597E0C16E8686100A24D62 /* JSONModelClassProperty.m */; };
		AE597E2216E8686100A24D62 /* JSONModelError.m in Sources */ = {isa = PBXBuildFile; fileRef = AE597E0E16E8686100A24D62 /* JSONModelError.m */; };
		AE597E2316E8686100A24D62 /* NSArray+JSONModel.m in Sources */ = {isa = PBXBuildFile; fileRef = AE597E1116E8686100A24D62 /* NSArray+JSONModel.m */; };
		AE597E2416E8686100A24D62 /* JSONAPI.m in Sources */ = {isa = PBXBuildFile; fileRef = AE597E1516E8686100A24D62 /* JSONAPI.m */; };
		AE597E2516E8686100A24D62 /* JSONHTTPClient.m in Sources */ = {isa = PBXBuildFile; fileRef = AE597E1716E8686100A24D62 /* JSONHTTPClient.m */; };
		AE597E2616E8686100A24D62 /* JSONModel+networking.m in Sources */ = {isa = PBXBuildFile; fileRef = AE597E1916E8686100A24D62 /* JSONModel+networking.m */; };
		AE597E2716E8686100A24D62 /* JSONKeyMapper.m in Sources */ = {isa = PBXBuildFile; fileRef = AE597E1C16E8686100A24D62 /* JSONKeyMapper.m */; };
		AE597E2816E8686100A24D62 /* JSONValueTransformer.m in Sources */ = {isa = PBXBuildFile; fileRef = AE597E1E16E8686100A24D62 /* JSONValueTransformer.m */; };
		AE67438816F68AEB005366FC /* PostingDetailViewController2.m in Sources */ = {isa = PBXBuildFile; fileRef = AE67438716F68AEB005366FC /* PostingDetailViewController2.m */; };
		AE6B8BBA170252AE0089C5F9 /* DDAnnotation.m in Sources */ = {isa = PBXBuildFile; fileRef = AE6B8BB7170252AE0089C5F9 /* DDAnnotation.m */; };
		AE6B8BBB170252AE0089C5F9 /* DDAnnotationView.m in Sources */ = {isa = PBXBuildFile; fileRef = AE6B8BB9170252AE0089C5F9 /* DDAnnotationView.m */; };
		AE6B8BC2170254250089C5F9 /* Pin.png in Resources */ = {isa = PBXBuildFile; fileRef = AE6B8BBC170254250089C5F9 /* Pin.png */; };
		AE6B8BC3170254250089C5F9 /* PinDown1.png in Resources */ = {isa = PBXBuildFile; fileRef = AE6B8BBD170254250089C5F9 /* PinDown1.png */; };
		AE6B8BC4170254250089C5F9 /* PinDown2.png in Resources */ = {isa = PBXBuildFile; fileRef = AE6B8BBE170254250089C5F9 /* PinDown2.png */; };
		AE6B8BC5170254250089C5F9 /* PinDown3.png in Resources */ = {isa = PBXBuildFile; fileRef = AE6B8BBF170254250089C5F9 /* PinDown3.png */; };
		AE6B8BC6170254250089C5F9 /* PinFloating.png in Resources */ = {isa = PBXBuildFile; fileRef = AE6B8BC0170254250089C5F9 /* PinFloating.png */; };
		AE6B8BC7170254250089C5F9 /* PinShadow.png in Resources */ = {isa = PBXBuildFile; fileRef = AE6B8BC1170254250089C5F9 /* PinShadow.png */; };
		AE6DF73816FFF1010059903D /* camera_icon@2x.png in Resources */ = {isa = PBXBuildFile; fileRef = AE6DF73716FFF1010059903D /* camera_icon@2x.png */; };
		AE743415170293CA0068AD0D /* globe_64_selected.png in Resources */ = {isa = PBXBuildFile; fileRef = AE743414170293CA0068AD0D /* globe_64_selected.png */; };
		AE81BE5C16FA6677004BF2A8 /* MBProgressHUD.m in Sources */ = {isa = PBXBuildFile; fileRef = AE81BE5B16FA6676004BF2A8 /* MBProgressHUD.m */; };
		AE81BE5F16FA6A8C004BF2A8 /* btnCheck.png in Resources */ = {isa = PBXBuildFile; fileRef = AE81BE5D16FA6A8B004BF2A8 /* btnCheck.png */; };
		AE81BE6016FA6A8C004BF2A8 /* btnCheck@2x.png in Resources */ = {isa = PBXBuildFile; fileRef = AE81BE5E16FA6A8B004BF2A8 /* btnCheck@2x.png */; };
		AEC9949116E7FB3700C74767 /* Icon.png in Resources */ = {isa = PBXBuildFile; fileRef = AEC9948F16E7FB3700C74767 /* Icon.png */; };
		AEC9949216E7FB3700C74767 /* Icon@2x.png in Resources */ = {isa = PBXBuildFile; fileRef = AEC9949016E7FB3700C74767 /* Icon@2x.png */; };
		AEDBCEEB16FF644000CADCCD /* 0.0_about_60.png in Resources */ = {isa = PBXBuildFile; fileRef = AEDBCEE516FF644000CADCCD /* 0.0_about_60.png */; };
		AEDBCEEC16FF644000CADCCD /* 0.0_about_60@2x.png in Resources */ = {isa = PBXBuildFile; fileRef = AEDBCEE616FF644000CADCCD /* 0.0_about_60@2x.png */; };
		AEDBCEED16FF644000CADCCD /* 0.0_home_60.png in Resources */ = {isa = PBXBuildFile; fileRef = AEDBCEE716FF644000CADCCD /* 0.0_home_60.png */; };
		AEDBCEEE16FF644000CADCCD /* 0.0_home_60@2x.png in Resources */ = {isa = PBXBuildFile; fileRef = AEDBCEE816FF644000CADCCD /* 0.0_home_60@2x.png */; };
		AEDBCEEF16FF644000CADCCD /* 0.0_shoppinglist_60.png in Resources */ = {isa = PBXBuildFile; fileRef = AEDBCEE916FF644000CADCCD /* 0.0_shoppinglist_60.png */; };
		AEDBCEF016FF644000CADCCD /* 0.0_shoppinglist_60@2x.png in Resources */ = {isa = PBXBuildFile; fileRef = AEDBCEEA16FF644000CADCCD /* 0.0_shoppinglist_60@2x.png */; };
		AEDBCEFB16FF6B7F00CADCCD /* bg_tab_bar.png in Resources */ = {isa = PBXBuildFile; fileRef = AEDBCEF916FF6B7F00CADCCD /* bg_tab_bar.png */; };
		AEDBCEFE16FF6BFE00CADCCD /* bg_tab_bar@2x.png in Resources */ = {isa = PBXBuildFile; fileRef = AEDBCEFD16FF6BFE00CADCCD /* bg_tab_bar@2x.png */; };
		AEDBCF0116FF6D3B00CADCCD /* bg_tab_bar_selected.png in Resources */ = {isa = PBXBuildFile; fileRef = AEDBCEFF16FF6D3B00CADCCD /* bg_tab_bar_selected.png */; };
		AEDBCF0416FF6ECD00CADCCD /* bg_tab_bar_selected@2x.png in Resources */ = {isa = PBXBuildFile; fileRef = AEDBCF0316FF6ECD00CADCCD /* bg_tab_bar_selected@2x.png */; };
		AEDBCF0A16FF722A00CADCCD /* blue.png in Resources */ = {isa = PBXBuildFile; fileRef = AEDBCF0916FF722A00CADCCD /* blue.png */; };
		AEDBCF0C16FF7EF100CADCCD /* blue_post.png in Resources */ = {isa = PBXBuildFile; fileRef = AEDBCF0B16FF7EF100CADCCD /* blue_post.png */; };
		AEE077251701D91F0090987F /* AVFoundation.framework in Frameworks */ = {isa = PBXBuildFile; fileRef = AEE077241701D91F0090987F /* AVFoundation.framework */; };
		AEE077271701D9370090987F /* CoreData.framework in Frameworks */ = {isa = PBXBuildFile; fileRef = AEE077261701D9370090987F /* CoreData.framework */; };
		AEE077291701D9450090987F /* CoreLocation.framework in Frameworks */ = {isa = PBXBuildFile; fileRef = AEE077281701D9450090987F /* CoreLocation.framework */; };
		AEE0772B1701D9510090987F /* CoreText.framework in Frameworks */ = {isa = PBXBuildFile; fileRef = AEE0772A1701D9510090987F /* CoreText.framework */; };
		AEE0772D1701D9580090987F /* GLKit.framework in Frameworks */ = {isa = PBXBuildFile; fileRef = AEE0772C1701D9580090987F /* GLKit.framework */; };
		AEE0772F1701D95E0090987F /* ImageIO.framework in Frameworks */ = {isa = PBXBuildFile; fileRef = AEE0772E1701D95E0090987F /* ImageIO.framework */; };
		AEE077311701D96C0090987F /* libicucore.dylib in Frameworks */ = {isa = PBXBuildFile; fileRef = AEE077301701D96C0090987F /* libicucore.dylib */; };
		AEE077331701D97A0090987F /* libstdc++.dylib in Frameworks */ = {isa = PBXBuildFile; fileRef = AEE077321701D97A0090987F /* libstdc++.dylib */; };
		AEE077351701D9810090987F /* libz.dylib in Frameworks */ = {isa = PBXBuildFile; fileRef = AEE077341701D9810090987F /* libz.dylib */; };
		AEE077371701D9890090987F /* OpenGLES.framework in Frameworks */ = {isa = PBXBuildFile; fileRef = AEE077361701D9890090987F /* OpenGLES.framework */; };
		AEE077391701D98F0090987F /* QuartzCore.framework in Frameworks */ = {isa = PBXBuildFile; fileRef = AEE077381701D98F0090987F /* QuartzCore.framework */; };
		AEE0773B1701E5DC0090987F /* globe_64.png in Resources */ = {isa = PBXBuildFile; fileRef = AEE0773A1701E5DC0090987F /* globe_64.png */; };
		AEE0773E1701E6A40090987F /* CustomMapViewViewController.m in Sources */ = {isa = PBXBuildFile; fileRef = AEE0773D1701E6A40090987F /* CustomMapViewViewController.m */; };
		AEE23BD716E79CB800090E5A /* UIKit.framework in Frameworks */ = {isa = PBXBuildFile; fileRef = AEE23BD616E79CB800090E5A /* UIKit.framework */; };
		AEE23BD916E79CB800090E5A /* Foundation.framework in Frameworks */ = {isa = PBXBuildFile; fileRef = AEE23BD816E79CB800090E5A /* Foundation.framework */; };
		AEE23BDB16E79CB800090E5A /* CoreGraphics.framework in Frameworks */ = {isa = PBXBuildFile; fileRef = AEE23BDA16E79CB800090E5A /* CoreGraphics.framework */; };
		AEE23BE116E79CB800090E5A /* InfoPlist.strings in Resources */ = {isa = PBXBuildFile; fileRef = AEE23BDF16E79CB800090E5A /* InfoPlist.strings */; };
		AEE23BE316E79CB800090E5A /* main.m in Sources */ = {isa = PBXBuildFile; fileRef = AEE23BE216E79CB800090E5A /* main.m */; };
		AEE23BE716E79CB800090E5A /* AppDelegate.m in Sources */ = {isa = PBXBuildFile; fileRef = AEE23BE616E79CB800090E5A /* AppDelegate.m */; };
		AEE23BF016E79CB800090E5A /* MainStoryboard_iPhone.storyboard in Resources */ = {isa = PBXBuildFile; fileRef = AEE23BEE16E79CB800090E5A /* MainStoryboard_iPhone.storyboard */; };
		AEE23BF316E79CB800090E5A /* MainStoryboard_iPad.storyboard in Resources */ = {isa = PBXBuildFile; fileRef = AEE23BF116E79CB800090E5A /* MainStoryboard_iPad.storyboard */; };
		AEE23BF616E79CB800090E5A /* FirstViewController.m in Sources */ = {isa = PBXBuildFile; fileRef = AEE23BF516E79CB800090E5A /* FirstViewController.m */; };
		AEE23C0916E79CB800090E5A /* SenTestingKit.framework in Frameworks */ = {isa = PBXBuildFile; fileRef = AEE23C0816E79CB800090E5A /* SenTestingKit.framework */; };
		AEE23C0A16E79CB800090E5A /* UIKit.framework in Frameworks */ = {isa = PBXBuildFile; fileRef = AEE23BD616E79CB800090E5A /* UIKit.framework */; };
		AEE23C0B16E79CB800090E5A /* Foundation.framework in Frameworks */ = {isa = PBXBuildFile; fileRef = AEE23BD816E79CB800090E5A /* Foundation.framework */; };
		AEE23C1316E79CB800090E5A /* InfoPlist.strings in Resources */ = {isa = PBXBuildFile; fileRef = AEE23C1116E79CB800090E5A /* InfoPlist.strings */; };
		AEE23C1616E79CB800090E5A /* Foundit_iOSTests.m in Sources */ = {isa = PBXBuildFile; fileRef = AEE23C1516E79CB800090E5A /* Foundit_iOSTests.m */; };
		AEE7989216F43331007475F9 /* SecondViewController2.m in Sources */ = {isa = PBXBuildFile; fileRef = AEE7989116F43331007475F9 /* SecondViewController2.m */; };
		AEE7989416F43B3D007475F9 /* missing_image_large.png in Resources */ = {isa = PBXBuildFile; fileRef = AEE7989316F43B3D007475F9 /* missing_image_large.png */; };
		AEE7989616F43BBF007475F9 /* missing_image.png in Resources */ = {isa = PBXBuildFile; fileRef = AEE7989516F43BBF007475F9 /* missing_image.png */; };
		AEEACD2816F818E30007B2A0 /* Default-568h@2x.png in Resources */ = {isa = PBXBuildFile; fileRef = AEE23BEC16E79CB800090E5A /* Default-568h@2x.png */; };
		AEF5292E1701FF4E002B53FB /* MapKit.framework in Frameworks */ = {isa = PBXBuildFile; fileRef = AEF5292D1701FF4E002B53FB /* MapKit.framework */; };
/* End PBXBuildFile section */

/* Begin PBXContainerItemProxy section */
		AEE23C0C16E79CB800090E5A /* PBXContainerItemProxy */ = {
			isa = PBXContainerItemProxy;
			containerPortal = AEE23BCB16E79CB800090E5A /* Project object */;
			proxyType = 1;
			remoteGlobalIDString = AEE23BD216E79CB800090E5A;
			remoteInfo = "Foundit-iOS";
		};
/* End PBXContainerItemProxy section */

/* Begin PBXFileReference section */
		AE015B4616F6EBA7000D5CB5 /* SystemConfiguration.framework */ = {isa = PBXFileReference; lastKnownFileType = wrapper.framework; name = SystemConfiguration.framework; path = System/Library/Frameworks/SystemConfiguration.framework; sourceTree = SDKROOT; };
		AE15045116F82CA30075D41D /* Settings.bundle */ = {isa = PBXFileReference; lastKnownFileType = "wrapper.plug-in"; path = Settings.bundle; sourceTree = "<group>"; };
		AE15045316F82D2D0075D41D /* Icon-Settings.png */ = {isa = PBXFileReference; lastKnownFileType = image.png; name = "Icon-Settings.png"; path = "../Icon-Settings.png"; sourceTree = "<group>"; };
		AE22DCE816F8C1B600DB97F2 /* Default@2x.png */ = {isa = PBXFileReference; lastKnownFileType = image.png; name = "Default@2x.png"; path = "../Default@2x.png"; sourceTree = "<group>"; };
		AE27216516F76739001EBC5B /* blue_pressed.png */ = {isa = PBXFileReference; lastKnownFileType = image.png; path = blue_pressed.png; sourceTree = "<group>"; };
		AE27216916F76788001EBC5B /* bluepost2.png */ = {isa = PBXFileReference; lastKnownFileType = image.png; path = bluepost2.png; sourceTree = "<group>"; };
		AE33B65916E83867006DABA8 /* Icon-72.png */ = {isa = PBXFileReference; lastKnownFileType = image.png; name = "Icon-72.png"; path = "../Icon-72.png"; sourceTree = "<group>"; };
		AE33B65A16E83867006DABA8 /* Icon-72@2x.png */ = {isa = PBXFileReference; lastKnownFileType = image.png; name = "Icon-72@2x.png"; path = "../Icon-72@2x.png"; sourceTree = "<group>"; };
		AE33B66316E839B7006DABA8 /* ThirdViewController.h */ = {isa = PBXFileReference; fileEncoding = 4; lastKnownFileType = sourcecode.c.h; path = ThirdViewController.h; sourceTree = "<group>"; };
		AE33B66416E839B7006DABA8 /* ThirdViewController.m */ = {isa = PBXFileReference; fileEncoding = 4; lastKnownFileType = sourcecode.c.objc; path = ThirdViewController.m; sourceTree = "<group>"; };
		AE33B66616E84295006DABA8 /* Foundit_final_iOS.png */ = {isa = PBXFileReference; lastKnownFileType = image.png; name = Foundit_final_iOS.png; path = ../Foundit_final_iOS.png; sourceTree = "<group>"; };
		AE33B67916E84FAE006DABA8 /* FounditLogo@2x.png */ = {isa = PBXFileReference; lastKnownFileType = image.png; path = "FounditLogo@2x.png"; sourceTree = "<group>"; };
		AE415DAC16E95ED1005021EE /* PostingsFoundViewController.h */ = {isa = PBXFileReference; fileEncoding = 4; lastKnownFileType = sourcecode.c.h; path = PostingsFoundViewController.h; sourceTree = "<group>"; };
		AE415DAD16E95ED1005021EE /* PostingsFoundViewController.m */ = {isa = PBXFileReference; fileEncoding = 4; lastKnownFileType = sourcecode.c.objc; path = PostingsFoundViewController.m; sourceTree = "<group>"; };
		AE415DAF16E95EDF005021EE /* PostingsLostViewController.h */ = {isa = PBXFileReference; fileEncoding = 4; lastKnownFileType = sourcecode.c.h; path = PostingsLostViewController.h; sourceTree = "<group>"; };
		AE415DB016E95EDF005021EE /* PostingsLostViewController.m */ = {isa = PBXFileReference; fileEncoding = 4; lastKnownFileType = sourcecode.c.objc; path = PostingsLostViewController.m; sourceTree = "<group>"; };
		AE45A43416F1812800C630DD /* Clouds_only2.png */ = {isa = PBXFileReference; lastKnownFileType = image.png; path = Clouds_only2.png; sourceTree = "<group>"; };
		AE45A44016F183DF00C630DD /* Default-568h@2x.png */ = {isa = PBXFileReference; lastKnownFileType = image.png; name = "Default-568h@2x.png"; path = "../Default-568h@2x.png"; sourceTree = "<group>"; };
		AE45A44616F1869500C630DD /* UIBackground.png */ = {isa = PBXFileReference; lastKnownFileType = image.png; name = UIBackground.png; path = ../UIBackground.png; sourceTree = "<group>"; };
		AE45A45016F19E1000C630DD /* LargeImageViewController.h */ = {isa = PBXFileReference; fileEncoding = 4; lastKnownFileType = sourcecode.c.h; path = LargeImageViewController.h; sourceTree = "<group>"; };
		AE45A45116F19E1000C630DD /* LargeImageViewController.m */ = {isa = PBXFileReference; fileEncoding = 4; lastKnownFileType = sourcecode.c.objc; path = LargeImageViewController.m; sourceTree = "<group>"; };
		AE4898A216EEEA9600A2C5BE /* PostingsViewController.h */ = {isa = PBXFileReference; fileEncoding = 4; lastKnownFileType = sourcecode.c.h; path = PostingsViewController.h; sourceTree = "<group>"; };
		AE4898A316EEEA9600A2C5BE /* PostingsViewController.m */ = {isa = PBXFileReference; fileEncoding = 4; lastKnownFileType = sourcecode.c.objc; path = PostingsViewController.m; sourceTree = "<group>"; };
		AE597DFD16E8683E00A24D62 /* HUD.h */ = {isa = PBXFileReference; fileEncoding = 4; lastKnownFileType = sourcecode.c.h; path = HUD.h; sourceTree = "<group>"; };
		AE597DFE16E8683E00A24D62 /* HUD.m */ = {isa = PBXFileReference; fileEncoding = 4; lastKnownFileType = sourcecode.c.objc; path = HUD.m; sourceTree = "<group>"; };
		AE597E0716E8686100A24D62 /* JSONModel.h */ = {isa = PBXFileReference; fileEncoding = 4; lastKnownFileType = sourcecode.c.h; path = JSONModel.h; sourceTree = "<group>"; };
		AE597E0816E8686100A24D62 /* JSONModel.m */ = {isa = PBXFileReference; fileEncoding = 4; lastKnownFileType = sourcecode.c.objc; path = JSONModel.m; sourceTree = "<group>"; };
		AE597E0916E8686100A24D62 /* JSONModelArray.h */ = {isa = PBXFileReference; fileEncoding = 4; lastKnownFileType = sourcecode.c.h; path = JSONModelArray.h; sourceTree = "<group>"; };
		AE597E0A16E8686100A24D62 /* JSONModelArray.m */ = {isa = PBXFileReference; fileEncoding = 4; lastKnownFileType = sourcecode.c.objc; path = JSONModelArray.m; sourceTree = "<group>"; };
		AE597E0B16E8686100A24D62 /* JSONModelClassProperty.h */ = {isa = PBXFileReference; fileEncoding = 4; lastKnownFileType = sourcecode.c.h; path = JSONModelClassProperty.h; sourceTree = "<group>"; };
		AE597E0C16E8686100A24D62 /* JSONModelClassProperty.m */ = {isa = PBXFileReference; fileEncoding = 4; lastKnownFileType = sourcecode.c.objc; path = JSONModelClassProperty.m; sourceTree = "<group>"; };
		AE597E0D16E8686100A24D62 /* JSONModelError.h */ = {isa = PBXFileReference; fileEncoding = 4; lastKnownFileType = sourcecode.c.h; path = JSONModelError.h; sourceTree = "<group>"; };
		AE597E0E16E8686100A24D62 /* JSONModelError.m */ = {isa = PBXFileReference; fileEncoding = 4; lastKnownFileType = sourcecode.c.objc; path = JSONModelError.m; sourceTree = "<group>"; };
		AE597E1016E8686100A24D62 /* NSArray+JSONModel.h */ = {isa = PBXFileReference; fileEncoding = 4; lastKnownFileType = sourcecode.c.h; path = "NSArray+JSONModel.h"; sourceTree = "<group>"; };
		AE597E1116E8686100A24D62 /* NSArray+JSONModel.m */ = {isa = PBXFileReference; fileEncoding = 4; lastKnownFileType = sourcecode.c.objc; path = "NSArray+JSONModel.m"; sourceTree = "<group>"; };
		AE597E1216E8686100A24D62 /* JSONModelLib.h */ = {isa = PBXFileReference; fileEncoding = 4; lastKnownFileType = sourcecode.c.h; path = JSONModelLib.h; sourceTree = "<group>"; };
		AE597E1416E8686100A24D62 /* JSONAPI.h */ = {isa = PBXFileReference; fileEncoding = 4; lastKnownFileType = sourcecode.c.h; path = JSONAPI.h; sourceTree = "<group>"; };
		AE597E1516E8686100A24D62 /* JSONAPI.m */ = {isa = PBXFileReference; fileEncoding = 4; lastKnownFileType = sourcecode.c.objc; path = JSONAPI.m; sourceTree = "<group>"; };
		AE597E1616E8686100A24D62 /* JSONHTTPClient.h */ = {isa = PBXFileReference; fileEncoding = 4; lastKnownFileType = sourcecode.c.h; path = JSONHTTPClient.h; sourceTree = "<group>"; };
		AE597E1716E8686100A24D62 /* JSONHTTPClient.m */ = {isa = PBXFileReference; fileEncoding = 4; lastKnownFileType = sourcecode.c.objc; path = JSONHTTPClient.m; sourceTree = "<group>"; };
		AE597E1816E8686100A24D62 /* JSONModel+networking.h */ = {isa = PBXFileReference; fileEncoding = 4; lastKnownFileType = sourcecode.c.h; path = "JSONModel+networking.h"; sourceTree = "<group>"; };
		AE597E1916E8686100A24D62 /* JSONModel+networking.m */ = {isa = PBXFileReference; fileEncoding = 4; lastKnownFileType = sourcecode.c.objc; path = "JSONModel+networking.m"; sourceTree = "<group>"; };
		AE597E1B16E8686100A24D62 /* JSONKeyMapper.h */ = {isa = PBXFileReference; fileEncoding = 4; lastKnownFileType = sourcecode.c.h; path = JSONKeyMapper.h; sourceTree = "<group>"; };
		AE597E1C16E8686100A24D62 /* JSONKeyMapper.m */ = {isa = PBXFileReference; fileEncoding = 4; lastKnownFileType = sourcecode.c.objc; path = JSONKeyMapper.m; sourceTree = "<group>"; };
		AE597E1D16E8686100A24D62 /* JSONValueTransformer.h */ = {isa = PBXFileReference; fileEncoding = 4; lastKnownFileType = sourcecode.c.h; path = JSONValueTransformer.h; sourceTree = "<group>"; };
		AE597E1E16E8686100A24D62 /* JSONValueTransformer.m */ = {isa = PBXFileReference; fileEncoding = 4; lastKnownFileType = sourcecode.c.objc; path = JSONValueTransformer.m; sourceTree = "<group>"; };
		AE67438616F68AEB005366FC /* PostingDetailViewController2.h */ = {isa = PBXFileReference; fileEncoding = 4; lastKnownFileType = sourcecode.c.h; path = PostingDetailViewController2.h; sourceTree = "<group>"; };
		AE67438716F68AEB005366FC /* PostingDetailViewController2.m */ = {isa = PBXFileReference; fileEncoding = 4; lastKnownFileType = sourcecode.c.objc; path = PostingDetailViewController2.m; sourceTree = "<group>"; };
		AE6B8BB6170252AE0089C5F9 /* DDAnnotation.h */ = {isa = PBXFileReference; fileEncoding = 4; lastKnownFileType = sourcecode.c.h; path = DDAnnotation.h; sourceTree = "<group>"; };
		AE6B8BB7170252AE0089C5F9 /* DDAnnotation.m */ = {isa = PBXFileReference; fileEncoding = 4; lastKnownFileType = sourcecode.c.objc; path = DDAnnotation.m; sourceTree = "<group>"; };
		AE6B8BB8170252AE0089C5F9 /* DDAnnotationView.h */ = {isa = PBXFileReference; fileEncoding = 4; lastKnownFileType = sourcecode.c.h; path = DDAnnotationView.h; sourceTree = "<group>"; };
		AE6B8BB9170252AE0089C5F9 /* DDAnnotationView.m */ = {isa = PBXFileReference; fileEncoding = 4; lastKnownFileType = sourcecode.c.objc; path = DDAnnotationView.m; sourceTree = "<group>"; };
		AE6B8BBC170254250089C5F9 /* Pin.png */ = {isa = PBXFileReference; lastKnownFileType = image.png; path = Pin.png; sourceTree = "<group>"; };
		AE6B8BBD170254250089C5F9 /* PinDown1.png */ = {isa = PBXFileReference; lastKnownFileType = image.png; path = PinDown1.png; sourceTree = "<group>"; };
		AE6B8BBE170254250089C5F9 /* PinDown2.png */ = {isa = PBXFileReference; lastKnownFileType = image.png; path = PinDown2.png; sourceTree = "<group>"; };
		AE6B8BBF170254250089C5F9 /* PinDown3.png */ = {isa = PBXFileReference; lastKnownFileType = image.png; path = PinDown3.png; sourceTree = "<group>"; };
		AE6B8BC0170254250089C5F9 /* PinFloating.png */ = {isa = PBXFileReference; lastKnownFileType = image.png; path = PinFloating.png; sourceTree = "<group>"; };
		AE6B8BC1170254250089C5F9 /* PinShadow.png */ = {isa = PBXFileReference; lastKnownFileType = image.png; path = PinShadow.png; sourceTree = "<group>"; };
		AE6DF73716FFF1010059903D /* camera_icon@2x.png */ = {isa = PBXFileReference; lastKnownFileType = image.png; path = "camera_icon@2x.png"; sourceTree = "<group>"; };
		AE743414170293CA0068AD0D /* globe_64_selected.png */ = {isa = PBXFileReference; lastKnownFileType = image.png; path = globe_64_selected.png; sourceTree = "<group>"; };
		AE81BE5A16FA6676004BF2A8 /* MBProgressHUD.h */ = {isa = PBXFileReference; fileEncoding = 4; lastKnownFileType = sourcecode.c.h; path = MBProgressHUD.h; sourceTree = "<group>"; };
		AE81BE5B16FA6676004BF2A8 /* MBProgressHUD.m */ = {isa = PBXFileReference; fileEncoding = 4; lastKnownFileType = sourcecode.c.objc; path = MBProgressHUD.m; sourceTree = "<group>"; };
		AE81BE5D16FA6A8B004BF2A8 /* btnCheck.png */ = {isa = PBXFileReference; lastKnownFileType = image.png; path = btnCheck.png; sourceTree = "<group>"; };
		AE81BE5E16FA6A8B004BF2A8 /* btnCheck@2x.png */ = {isa = PBXFileReference; lastKnownFileType = image.png; path = "btnCheck@2x.png"; sourceTree = "<group>"; };
		AEC9948F16E7FB3700C74767 /* Icon.png */ = {isa = PBXFileReference; lastKnownFileType = image.png; name = Icon.png; path = ../Icon.png; sourceTree = "<group>"; };
		AEC9949016E7FB3700C74767 /* Icon@2x.png */ = {isa = PBXFileReference; lastKnownFileType = image.png; name = "Icon@2x.png"; path = "../Icon@2x.png"; sourceTree = "<group>"; };
		AEDBCEE516FF644000CADCCD /* 0.0_about_60.png */ = {isa = PBXFileReference; lastKnownFileType = image.png; path = 0.0_about_60.png; sourceTree = "<group>"; };
		AEDBCEE616FF644000CADCCD /* 0.0_about_60@2x.png */ = {isa = PBXFileReference; lastKnownFileType = image.png; path = "0.0_about_60@2x.png"; sourceTree = "<group>"; };
		AEDBCEE716FF644000CADCCD /* 0.0_home_60.png */ = {isa = PBXFileReference; lastKnownFileType = image.png; path = 0.0_home_60.png; sourceTree = "<group>"; };
		AEDBCEE816FF644000CADCCD /* 0.0_home_60@2x.png */ = {isa = PBXFileReference; lastKnownFileType = image.png; path = "0.0_home_60@2x.png"; sourceTree = "<group>"; };
		AEDBCEE916FF644000CADCCD /* 0.0_shoppinglist_60.png */ = {isa = PBXFileReference; lastKnownFileType = image.png; path = 0.0_shoppinglist_60.png; sourceTree = "<group>"; };
		AEDBCEEA16FF644000CADCCD /* 0.0_shoppinglist_60@2x.png */ = {isa = PBXFileReference; lastKnownFileType = image.png; path = "0.0_shoppinglist_60@2x.png"; sourceTree = "<group>"; };
		AEDBCEF916FF6B7F00CADCCD /* bg_tab_bar.png */ = {isa = PBXFileReference; lastKnownFileType = image.png; path = bg_tab_bar.png; sourceTree = "<group>"; };
		AEDBCEFD16FF6BFE00CADCCD /* bg_tab_bar@2x.png */ = {isa = PBXFileReference; lastKnownFileType = image.png; path = "bg_tab_bar@2x.png"; sourceTree = "<group>"; };
		AEDBCEFF16FF6D3B00CADCCD /* bg_tab_bar_selected.png */ = {isa = PBXFileReference; lastKnownFileType = image.png; path = bg_tab_bar_selected.png; sourceTree = "<group>"; };
		AEDBCF0316FF6ECD00CADCCD /* bg_tab_bar_selected@2x.png */ = {isa = PBXFileReference; lastKnownFileType = image.png; path = "bg_tab_bar_selected@2x.png"; sourceTree = "<group>"; };
		AEDBCF0916FF722A00CADCCD /* blue.png */ = {isa = PBXFileReference; lastKnownFileType = image.png; path = blue.png; sourceTree = "<group>"; };
		AEDBCF0B16FF7EF100CADCCD /* blue_post.png */ = {isa = PBXFileReference; lastKnownFileType = image.png; path = blue_post.png; sourceTree = "<group>"; };
		AEE077241701D91F0090987F /* AVFoundation.framework */ = {isa = PBXFileReference; lastKnownFileType = wrapper.framework; name = AVFoundation.framework; path = System/Library/Frameworks/AVFoundation.framework; sourceTree = SDKROOT; };
		AEE077261701D9370090987F /* CoreData.framework */ = {isa = PBXFileReference; lastKnownFileType = wrapper.framework; name = CoreData.framework; path = System/Library/Frameworks/CoreData.framework; sourceTree = SDKROOT; };
		AEE077281701D9450090987F /* CoreLocation.framework */ = {isa = PBXFileReference; lastKnownFileType = wrapper.framework; name = CoreLocation.framework; path = System/Library/Frameworks/CoreLocation.framework; sourceTree = SDKROOT; };
		AEE0772A1701D9510090987F /* CoreText.framework */ = {isa = PBXFileReference; lastKnownFileType = wrapper.framework; name = CoreText.framework; path = System/Library/Frameworks/CoreText.framework; sourceTree = SDKROOT; };
		AEE0772C1701D9580090987F /* GLKit.framework */ = {isa = PBXFileReference; lastKnownFileType = wrapper.framework; name = GLKit.framework; path = System/Library/Frameworks/GLKit.framework; sourceTree = SDKROOT; };
		AEE0772E1701D95E0090987F /* ImageIO.framework */ = {isa = PBXFileReference; lastKnownFileType = wrapper.framework; name = ImageIO.framework; path = System/Library/Frameworks/ImageIO.framework; sourceTree = SDKROOT; };
		AEE077301701D96C0090987F /* libicucore.dylib */ = {isa = PBXFileReference; lastKnownFileType = "compiled.mach-o.dylib"; name = libicucore.dylib; path = usr/lib/libicucore.dylib; sourceTree = SDKROOT; };
		AEE077321701D97A0090987F /* libstdc++.dylib */ = {isa = PBXFileReference; lastKnownFileType = "compiled.mach-o.dylib"; name = "libstdc++.dylib"; path = "usr/lib/libstdc++.dylib"; sourceTree = SDKROOT; };
		AEE077341701D9810090987F /* libz.dylib */ = {isa = PBXFileReference; lastKnownFileType = "compiled.mach-o.dylib"; name = libz.dylib; path = usr/lib/libz.dylib; sourceTree = SDKROOT; };
		AEE077361701D9890090987F /* OpenGLES.framework */ = {isa = PBXFileReference; lastKnownFileType = wrapper.framework; name = OpenGLES.framework; path = System/Library/Frameworks/OpenGLES.framework; sourceTree = SDKROOT; };
		AEE077381701D98F0090987F /* QuartzCore.framework */ = {isa = PBXFileReference; lastKnownFileType = wrapper.framework; name = QuartzCore.framework; path = System/Library/Frameworks/QuartzCore.framework; sourceTree = SDKROOT; };
		AEE0773A1701E5DC0090987F /* globe_64.png */ = {isa = PBXFileReference; lastKnownFileType = image.png; path = globe_64.png; sourceTree = "<group>"; };
		AEE0773C1701E6A40090987F /* CustomMapViewViewController.h */ = {isa = PBXFileReference; fileEncoding = 4; lastKnownFileType = sourcecode.c.h; path = CustomMapViewViewController.h; sourceTree = "<group>"; };
		AEE0773D1701E6A40090987F /* CustomMapViewViewController.m */ = {isa = PBXFileReference; fileEncoding = 4; lastKnownFileType = sourcecode.c.objc; path = CustomMapViewViewController.m; sourceTree = "<group>"; };
		AEE23BD316E79CB800090E5A /* Foundit.app */ = {isa = PBXFileReference; explicitFileType = wrapper.application; includeInIndex = 0; path = Foundit.app; sourceTree = BUILT_PRODUCTS_DIR; };
		AEE23BD616E79CB800090E5A /* UIKit.framework */ = {isa = PBXFileReference; lastKnownFileType = wrapper.framework; name = UIKit.framework; path = System/Library/Frameworks/UIKit.framework; sourceTree = SDKROOT; };
		AEE23BD816E79CB800090E5A /* Foundation.framework */ = {isa = PBXFileReference; lastKnownFileType = wrapper.framework; name = Foundation.framework; path = System/Library/Frameworks/Foundation.framework; sourceTree = SDKROOT; };
		AEE23BDA16E79CB800090E5A /* CoreGraphics.framework */ = {isa = PBXFileReference; lastKnownFileType = wrapper.framework; name = CoreGraphics.framework; path = System/Library/Frameworks/CoreGraphics.framework; sourceTree = SDKROOT; };
		AEE23BDE16E79CB800090E5A /* Foundit-iOS-Info.plist */ = {isa = PBXFileReference; lastKnownFileType = text.plist.xml; path = "Foundit-iOS-Info.plist"; sourceTree = "<group>"; };
		AEE23BE016E79CB800090E5A /* en */ = {isa = PBXFileReference; lastKnownFileType = text.plist.strings; name = en; path = en.lproj/InfoPlist.strings; sourceTree = "<group>"; };
		AEE23BE216E79CB800090E5A /* main.m */ = {isa = PBXFileReference; lastKnownFileType = sourcecode.c.objc; path = main.m; sourceTree = "<group>"; };
		AEE23BE416E79CB800090E5A /* Foundit-iOS-Prefix.pch */ = {isa = PBXFileReference; lastKnownFileType = sourcecode.c.h; path = "Foundit-iOS-Prefix.pch"; sourceTree = "<group>"; };
		AEE23BE516E79CB800090E5A /* AppDelegate.h */ = {isa = PBXFileReference; lastKnownFileType = sourcecode.c.h; path = AppDelegate.h; sourceTree = "<group>"; };
		AEE23BE616E79CB800090E5A /* AppDelegate.m */ = {isa = PBXFileReference; lastKnownFileType = sourcecode.c.objc; path = AppDelegate.m; sourceTree = "<group>"; };
		AEE23BE816E79CB800090E5A /* Default.png */ = {isa = PBXFileReference; lastKnownFileType = image.png; path = Default.png; sourceTree = "<group>"; };
		AEE23BEA16E79CB800090E5A /* Default@2x.png */ = {isa = PBXFileReference; lastKnownFileType = image.png; path = "Default@2x.png"; sourceTree = "<group>"; };
		AEE23BEC16E79CB800090E5A /* Default-568h@2x.png */ = {isa = PBXFileReference; lastKnownFileType = image.png; path = "Default-568h@2x.png"; sourceTree = "<group>"; };
		AEE23BEF16E79CB800090E5A /* en */ = {isa = PBXFileReference; lastKnownFileType = file.storyboard; name = en; path = en.lproj/MainStoryboard_iPhone.storyboard; sourceTree = "<group>"; };
		AEE23BF216E79CB800090E5A /* en */ = {isa = PBXFileReference; lastKnownFileType = file.storyboard; name = en; path = en.lproj/MainStoryboard_iPad.storyboard; sourceTree = "<group>"; };
		AEE23BF416E79CB800090E5A /* FirstViewController.h */ = {isa = PBXFileReference; lastKnownFileType = sourcecode.c.h; path = FirstViewController.h; sourceTree = "<group>"; };
		AEE23BF516E79CB800090E5A /* FirstViewController.m */ = {isa = PBXFileReference; lastKnownFileType = sourcecode.c.objc; path = FirstViewController.m; sourceTree = "<group>"; };
		AEE23C0716E79CB800090E5A /* Foundit-iOSTests.octest */ = {isa = PBXFileReference; explicitFileType = wrapper.cfbundle; includeInIndex = 0; path = "Foundit-iOSTests.octest"; sourceTree = BUILT_PRODUCTS_DIR; };
		AEE23C0816E79CB800090E5A /* SenTestingKit.framework */ = {isa = PBXFileReference; lastKnownFileType = wrapper.framework; name = SenTestingKit.framework; path = Library/Frameworks/SenTestingKit.framework; sourceTree = DEVELOPER_DIR; };
		AEE23C1016E79CB800090E5A /* Foundit-iOSTests-Info.plist */ = {isa = PBXFileReference; lastKnownFileType = text.plist.xml; path = "Foundit-iOSTests-Info.plist"; sourceTree = "<group>"; };
		AEE23C1216E79CB800090E5A /* en */ = {isa = PBXFileReference; lastKnownFileType = text.plist.strings; name = en; path = en.lproj/InfoPlist.strings; sourceTree = "<group>"; };
		AEE23C1416E79CB800090E5A /* Foundit_iOSTests.h */ = {isa = PBXFileReference; lastKnownFileType = sourcecode.c.h; path = Foundit_iOSTests.h; sourceTree = "<group>"; };
		AEE23C1516E79CB800090E5A /* Foundit_iOSTests.m */ = {isa = PBXFileReference; lastKnownFileType = sourcecode.c.objc; path = Foundit_iOSTests.m; sourceTree = "<group>"; };
		AEE7989016F43331007475F9 /* SecondViewController2.h */ = {isa = PBXFileReference; fileEncoding = 4; lastKnownFileType = sourcecode.c.h; path = SecondViewController2.h; sourceTree = "<group>"; };
		AEE7989116F43331007475F9 /* SecondViewController2.m */ = {isa = PBXFileReference; fileEncoding = 4; lastKnownFileType = sourcecode.c.objc; path = SecondViewController2.m; sourceTree = "<group>"; };
		AEE7989316F43B3D007475F9 /* missing_image_large.png */ = {isa = PBXFileReference; lastKnownFileType = image.png; name = missing_image_large.png; path = ../missing_image_large.png; sourceTree = "<group>"; };
		AEE7989516F43BBF007475F9 /* missing_image.png */ = {isa = PBXFileReference; lastKnownFileType = image.png; name = missing_image.png; path = ../missing_image.png; sourceTree = "<group>"; };
		AEF5292D1701FF4E002B53FB /* MapKit.framework */ = {isa = PBXFileReference; lastKnownFileType = wrapper.framework; name = MapKit.framework; path = System/Library/Frameworks/MapKit.framework; sourceTree = SDKROOT; };
/* End PBXFileReference section */

/* Begin PBXFrameworksBuildPhase section */
		AEE23BD016E79CB800090E5A /* Frameworks */ = {
			isa = PBXFrameworksBuildPhase;
			buildActionMask = 2147483647;
			files = (
				AEF5292E1701FF4E002B53FB /* MapKit.framework in Frameworks */,
				AE015B4716F6EBA7000D5CB5 /* SystemConfiguration.framework in Frameworks */,
				AEE077391701D98F0090987F /* QuartzCore.framework in Frameworks */,
				AEE077371701D9890090987F /* OpenGLES.framework in Frameworks */,
				AEE077351701D9810090987F /* libz.dylib in Frameworks */,
				AEE077331701D97A0090987F /* libstdc++.dylib in Frameworks */,
				AEE077311701D96C0090987F /* libicucore.dylib in Frameworks */,
				AEE0772F1701D95E0090987F /* ImageIO.framework in Frameworks */,
				AEE0772D1701D9580090987F /* GLKit.framework in Frameworks */,
				AEE0772B1701D9510090987F /* CoreText.framework in Frameworks */,
				AEE077291701D9450090987F /* CoreLocation.framework in Frameworks */,
				AEE077271701D9370090987F /* CoreData.framework in Frameworks */,
				AEE077251701D91F0090987F /* AVFoundation.framework in Frameworks */,
				AEE23BD716E79CB800090E5A /* UIKit.framework in Frameworks */,
				AEE23BD916E79CB800090E5A /* Foundation.framework in Frameworks */,
				AEE23BDB16E79CB800090E5A /* CoreGraphics.framework in Frameworks */,
			);
			runOnlyForDeploymentPostprocessing = 0;
		};
		AEE23C0316E79CB800090E5A /* Frameworks */ = {
			isa = PBXFrameworksBuildPhase;
			buildActionMask = 2147483647;
			files = (
				AEE23C0916E79CB800090E5A /* SenTestingKit.framework in Frameworks */,
				AEE23C0A16E79CB800090E5A /* UIKit.framework in Frameworks */,
				AEE23C0B16E79CB800090E5A /* Foundation.framework in Frameworks */,
			);
			runOnlyForDeploymentPostprocessing = 0;
		};
/* End PBXFrameworksBuildPhase section */

/* Begin PBXGroup section */
		AE33B67616E84F20006DABA8 /* Images */ = {
			isa = PBXGroup;
			children = (
				AE6B8BBC170254250089C5F9 /* Pin.png */,
				AE6B8BBD170254250089C5F9 /* PinDown1.png */,
				AE6B8BBE170254250089C5F9 /* PinDown2.png */,
				AE6B8BBF170254250089C5F9 /* PinDown3.png */,
				AE6B8BC0170254250089C5F9 /* PinFloating.png */,
				AE6B8BC1170254250089C5F9 /* PinShadow.png */,
				AEDBCF0916FF722A00CADCCD /* blue.png */,
				AEDBCF0B16FF7EF100CADCCD /* blue_post.png */,
				AEDBCF0316FF6ECD00CADCCD /* bg_tab_bar_selected@2x.png */,
				AEDBCEFF16FF6D3B00CADCCD /* bg_tab_bar_selected.png */,
				AEDBCEF916FF6B7F00CADCCD /* bg_tab_bar.png */,
				AEDBCEFD16FF6BFE00CADCCD /* bg_tab_bar@2x.png */,
				AEDBCEE516FF644000CADCCD /* 0.0_about_60.png */,
				AEDBCEE616FF644000CADCCD /* 0.0_about_60@2x.png */,
				AEDBCEE716FF644000CADCCD /* 0.0_home_60.png */,
				AEDBCEE816FF644000CADCCD /* 0.0_home_60@2x.png */,
				AEDBCEE916FF644000CADCCD /* 0.0_shoppinglist_60.png */,
				AEDBCEEA16FF644000CADCCD /* 0.0_shoppinglist_60@2x.png */,
				AE22DCE816F8C1B600DB97F2 /* Default@2x.png */,
				AE15045316F82D2D0075D41D /* Icon-Settings.png */,
				AEE7989516F43BBF007475F9 /* missing_image.png */,
				AEE7989316F43B3D007475F9 /* missing_image_large.png */,
				AE45A44016F183DF00C630DD /* Default-568h@2x.png */,
				AE45A44616F1869500C630DD /* UIBackground.png */,
				AE33B66616E84295006DABA8 /* Foundit_final_iOS.png */,
				AE33B65916E83867006DABA8 /* Icon-72.png */,
				AE33B65A16E83867006DABA8 /* Icon-72@2x.png */,
				AEC9948F16E7FB3700C74767 /* Icon.png */,
				AEC9949016E7FB3700C74767 /* Icon@2x.png */,
				AE27216916F76788001EBC5B /* bluepost2.png */,
				AE27216516F76739001EBC5B /* blue_pressed.png */,
				AE45A43416F1812800C630DD /* Clouds_only2.png */,
				AE33B67916E84FAE006DABA8 /* FounditLogo@2x.png */,
				AEE0773A1701E5DC0090987F /* globe_64.png */,
				AE743414170293CA0068AD0D /* globe_64_selected.png */,
				AE6DF73716FFF1010059903D /* camera_icon@2x.png */,
			);
			name = Images;
			sourceTree = "<group>";
		};
		AE597DFA16E8683E00A24D62 /* HUD */ = {
			isa = PBXGroup;
			children = (
				AE81BE5D16FA6A8B004BF2A8 /* btnCheck.png */,
				AE81BE5E16FA6A8B004BF2A8 /* btnCheck@2x.png */,
				AE81BE5A16FA6676004BF2A8 /* MBProgressHUD.h */,
				AE81BE5B16FA6676004BF2A8 /* MBProgressHUD.m */,
				AE597DFD16E8683E00A24D62 /* HUD.h */,
				AE597DFE16E8683E00A24D62 /* HUD.m */,
			);
			path = HUD;
			sourceTree = "<group>";
		};
		AE597E0516E8686100A24D62 /* JSONModel */ = {
			isa = PBXGroup;
			children = (
				AE597E0616E8686100A24D62 /* JSONModel */,
				AE597E0F16E8686100A24D62 /* JSONModelCategories */,
				AE597E1216E8686100A24D62 /* JSONModelLib.h */,
				AE597E1316E8686100A24D62 /* JSONModelNetworking */,
				AE597E1A16E8686100A24D62 /* JSONModelTransformations */,
			);
			path = JSONModel;
			sourceTree = "<group>";
		};
		AE597E0616E8686100A24D62 /* JSONModel */ = {
			isa = PBXGroup;
			children = (
				AE597E0716E8686100A24D62 /* JSONModel.h */,
				AE597E0816E8686100A24D62 /* JSONModel.m */,
				AE597E0916E8686100A24D62 /* JSONModelArray.h */,
				AE597E0A16E8686100A24D62 /* JSONModelArray.m */,
				AE597E0B16E8686100A24D62 /* JSONModelClassProperty.h */,
				AE597E0C16E8686100A24D62 /* JSONModelClassProperty.m */,
				AE597E0D16E8686100A24D62 /* JSONModelError.h */,
				AE597E0E16E8686100A24D62 /* JSONModelError.m */,
			);
			path = JSONModel;
			sourceTree = "<group>";
		};
		AE597E0F16E8686100A24D62 /* JSONModelCategories */ = {
			isa = PBXGroup;
			children = (
				AE597E1016E8686100A24D62 /* NSArray+JSONModel.h */,
				AE597E1116E8686100A24D62 /* NSArray+JSONModel.m */,
			);
			path = JSONModelCategories;
			sourceTree = "<group>";
		};
		AE597E1316E8686100A24D62 /* JSONModelNetworking */ = {
			isa = PBXGroup;
			children = (
				AE597E1416E8686100A24D62 /* JSONAPI.h */,
				AE597E1516E8686100A24D62 /* JSONAPI.m */,
				AE597E1616E8686100A24D62 /* JSONHTTPClient.h */,
				AE597E1716E8686100A24D62 /* JSONHTTPClient.m */,
				AE597E1816E8686100A24D62 /* JSONModel+networking.h */,
				AE597E1916E8686100A24D62 /* JSONModel+networking.m */,
			);
			path = JSONModelNetworking;
			sourceTree = "<group>";
		};
		AE597E1A16E8686100A24D62 /* JSONModelTransformations */ = {
			isa = PBXGroup;
			children = (
				AE597E1B16E8686100A24D62 /* JSONKeyMapper.h */,
				AE597E1C16E8686100A24D62 /* JSONKeyMapper.m */,
				AE597E1D16E8686100A24D62 /* JSONValueTransformer.h */,
				AE597E1E16E8686100A24D62 /* JSONValueTransformer.m */,
			);
			path = JSONModelTransformations;
			sourceTree = "<group>";
		};
		AE6B8BB5170252A10089C5F9 /* DDAnnotation */ = {
			isa = PBXGroup;
			children = (
				AE6B8BB6170252AE0089C5F9 /* DDAnnotation.h */,
				AE6B8BB7170252AE0089C5F9 /* DDAnnotation.m */,
				AE6B8BB8170252AE0089C5F9 /* DDAnnotationView.h */,
				AE6B8BB9170252AE0089C5F9 /* DDAnnotationView.m */,
			);
			name = DDAnnotation;
			sourceTree = "<group>";
		};
		AEE23BCA16E79CB800090E5A = {
			isa = PBXGroup;
			children = (
				AE6B8BB5170252A10089C5F9 /* DDAnnotation */,
				AE597E0516E8686100A24D62 /* JSONModel */,
				AE597DFA16E8683E00A24D62 /* HUD */,
				AEE23BDC16E79CB800090E5A /* Foundit-iOS */,
				AEE23C0E16E79CB800090E5A /* Foundit-iOSTests */,
				AEE23BD516E79CB800090E5A /* Frameworks */,
				AEE23BD416E79CB800090E5A /* Products */,
			);
			sourceTree = "<group>";
		};
		AEE23BD416E79CB800090E5A /* Products */ = {
			isa = PBXGroup;
			children = (
				AEE23BD316E79CB800090E5A /* Foundit.app */,
				AEE23C0716E79CB800090E5A /* Foundit-iOSTests.octest */,
			);
			name = Products;
			sourceTree = "<group>";
		};
		AEE23BD516E79CB800090E5A /* Frameworks */ = {
			isa = PBXGroup;
			children = (
				AEF5292D1701FF4E002B53FB /* MapKit.framework */,
				AEE077381701D98F0090987F /* QuartzCore.framework */,
				AEE077361701D9890090987F /* OpenGLES.framework */,
				AEE077341701D9810090987F /* libz.dylib */,
				AEE077321701D97A0090987F /* libstdc++.dylib */,
				AEE077301701D96C0090987F /* libicucore.dylib */,
				AEE0772E1701D95E0090987F /* ImageIO.framework */,
				AEE0772C1701D9580090987F /* GLKit.framework */,
				AEE0772A1701D9510090987F /* CoreText.framework */,
				AEE077281701D9450090987F /* CoreLocation.framework */,
				AEE077261701D9370090987F /* CoreData.framework */,
				AEE077241701D91F0090987F /* AVFoundation.framework */,
				AE015B4616F6EBA7000D5CB5 /* SystemConfiguration.framework */,
				AEE23BD616E79CB800090E5A /* UIKit.framework */,
				AEE23BD816E79CB800090E5A /* Foundation.framework */,
				AEE23BDA16E79CB800090E5A /* CoreGraphics.framework */,
				AEE23C0816E79CB800090E5A /* SenTestingKit.framework */,
			);
			name = Frameworks;
			sourceTree = "<group>";
		};
		AEE23BDC16E79CB800090E5A /* Foundit-iOS */ = {
			isa = PBXGroup;
			children = (
				AE33B67616E84F20006DABA8 /* Images */,
				AEE23BDD16E79CB800090E5A /* Supporting Files */,
				AEE23BE516E79CB800090E5A /* AppDelegate.h */,
				AEE23BE616E79CB800090E5A /* AppDelegate.m */,
				AEE23BEE16E79CB800090E5A /* MainStoryboard_iPhone.storyboard */,
				AE415DAC16E95ED1005021EE /* PostingsFoundViewController.h */,
				AE415DAD16E95ED1005021EE /* PostingsFoundViewController.m */,
				AEE23BF116E79CB800090E5A /* MainStoryboard_iPad.storyboard */,
				AEE23BF416E79CB800090E5A /* FirstViewController.h */,
				AEE23BF516E79CB800090E5A /* FirstViewController.m */,
				AE33B66316E839B7006DABA8 /* ThirdViewController.h */,
				AE33B66416E839B7006DABA8 /* ThirdViewController.m */,
				AE415DAF16E95EDF005021EE /* PostingsLostViewController.h */,
				AE415DB016E95EDF005021EE /* PostingsLostViewController.m */,
				AE4898A216EEEA9600A2C5BE /* PostingsViewController.h */,
				AE4898A316EEEA9600A2C5BE /* PostingsViewController.m */,
				AE45A45016F19E1000C630DD /* LargeImageViewController.h */,
				AE45A45116F19E1000C630DD /* LargeImageViewController.m */,
				AEE7989016F43331007475F9 /* SecondViewController2.h */,
				AEE7989116F43331007475F9 /* SecondViewController2.m */,
				AE67438616F68AEB005366FC /* PostingDetailViewController2.h */,
				AE67438716F68AEB005366FC /* PostingDetailViewController2.m */,
				AE15045116F82CA30075D41D /* Settings.bundle */,
				AEE0773C1701E6A40090987F /* CustomMapViewViewController.h */,
				AEE0773D1701E6A40090987F /* CustomMapViewViewController.m */,
			);
			path = "Foundit-iOS";
			sourceTree = "<group>";
		};
		AEE23BDD16E79CB800090E5A /* Supporting Files */ = {
			isa = PBXGroup;
			children = (
				AEE23BDE16E79CB800090E5A /* Foundit-iOS-Info.plist */,
				AEE23BDF16E79CB800090E5A /* InfoPlist.strings */,
				AEE23BE216E79CB800090E5A /* main.m */,
				AEE23BE416E79CB800090E5A /* Foundit-iOS-Prefix.pch */,
				AEE23BE816E79CB800090E5A /* Default.png */,
				AEE23BEA16E79CB800090E5A /* Default@2x.png */,
				AEE23BEC16E79CB800090E5A /* Default-568h@2x.png */,
			);
			name = "Supporting Files";
			sourceTree = "<group>";
		};
		AEE23C0E16E79CB800090E5A /* Foundit-iOSTests */ = {
			isa = PBXGroup;
			children = (
				AEE23C1416E79CB800090E5A /* Foundit_iOSTests.h */,
				AEE23C1516E79CB800090E5A /* Foundit_iOSTests.m */,
				AEE23C0F16E79CB800090E5A /* Supporting Files */,
			);
			path = "Foundit-iOSTests";
			sourceTree = "<group>";
		};
		AEE23C0F16E79CB800090E5A /* Supporting Files */ = {
			isa = PBXGroup;
			children = (
				AEE23C1016E79CB800090E5A /* Foundit-iOSTests-Info.plist */,
				AEE23C1116E79CB800090E5A /* InfoPlist.strings */,
			);
			name = "Supporting Files";
			sourceTree = "<group>";
		};
/* End PBXGroup section */

/* Begin PBXNativeTarget section */
		AEE23BD216E79CB800090E5A /* Foundit-iOS */ = {
			isa = PBXNativeTarget;
			buildConfigurationList = AEE23C1916E79CB800090E5A /* Build configuration list for PBXNativeTarget "Foundit-iOS" */;
			buildPhases = (
				AEE23BCF16E79CB800090E5A /* Sources */,
				AEE23BD016E79CB800090E5A /* Frameworks */,
				AEE23BD116E79CB800090E5A /* Resources */,
				50524F424C454D533F /* ShellScript */,
			);
			buildRules = (
			);
			dependencies = (
			);
			name = "Foundit-iOS";
			productName = "Foundit-iOS";
			productReference = AEE23BD316E79CB800090E5A /* Foundit.app */;
			productType = "com.apple.product-type.application";
		};
		AEE23C0616E79CB800090E5A /* Foundit-iOSTests */ = {
			isa = PBXNativeTarget;
			buildConfigurationList = AEE23C1C16E79CB800090E5A /* Build configuration list for PBXNativeTarget "Foundit-iOSTests" */;
			buildPhases = (
				AEE23C0216E79CB800090E5A /* Sources */,
				AEE23C0316E79CB800090E5A /* Frameworks */,
				AEE23C0416E79CB800090E5A /* Resources */,
				AEE23C0516E79CB800090E5A /* ShellScript */,
			);
			buildRules = (
			);
			dependencies = (
				AEE23C0D16E79CB800090E5A /* PBXTargetDependency */,
			);
			name = "Foundit-iOSTests";
			productName = "Foundit-iOSTests";
			productReference = AEE23C0716E79CB800090E5A /* Foundit-iOSTests.octest */;
			productType = "com.apple.product-type.bundle";
		};
/* End PBXNativeTarget section */

/* Begin PBXProject section */
		AEE23BCB16E79CB800090E5A /* Project object */ = {
			isa = PBXProject;
			attributes = {
				LastUpgradeCheck = 0460;
				ORGANIZATIONNAME = "Shaun Maharaj";
			};
			buildConfigurationList = AEE23BCE16E79CB800090E5A /* Build configuration list for PBXProject "Foundit-iOS" */;
			compatibilityVersion = "Xcode 3.2";
			developmentRegion = English;
			hasScannedForEncodings = 0;
			knownRegions = (
				en,
			);
			mainGroup = AEE23BCA16E79CB800090E5A;
			productRefGroup = AEE23BD416E79CB800090E5A /* Products */;
			projectDirPath = "";
			projectRoot = "";
			targets = (
				AEE23BD216E79CB800090E5A /* Foundit-iOS */,
				AEE23C0616E79CB800090E5A /* Foundit-iOSTests */,
			);
		};
/* End PBXProject section */

/* Begin PBXResourcesBuildPhase section */
		AEE23BD116E79CB800090E5A /* Resources */ = {
			isa = PBXResourcesBuildPhase;
			buildActionMask = 2147483647;
			files = (
				AEE23BE116E79CB800090E5A /* InfoPlist.strings in Resources */,
				AEE23BF016E79CB800090E5A /* MainStoryboard_iPhone.storyboard in Resources */,
				AEE23BF316E79CB800090E5A /* MainStoryboard_iPad.storyboard in Resources */,
				AEC9949116E7FB3700C74767 /* Icon.png in Resources */,
				AEC9949216E7FB3700C74767 /* Icon@2x.png in Resources */,
				AE33B65B16E83867006DABA8 /* Icon-72.png in Resources */,
				AE33B65C16E83867006DABA8 /* Icon-72@2x.png in Resources */,
				AE33B66716E84295006DABA8 /* Foundit_final_iOS.png in Resources */,
				AE33B67A16E84FAE006DABA8 /* FounditLogo@2x.png in Resources */,
				AE45A43516F1812800C630DD /* Clouds_only2.png in Resources */,
				AE45A44716F1869500C630DD /* UIBackground.png in Resources */,
				AEE7989416F43B3D007475F9 /* missing_image_large.png in Resources */,
				AEE7989616F43BBF007475F9 /* missing_image.png in Resources */,
				AE27216716F76739001EBC5B /* blue_pressed.png in Resources */,
				AE27216A16F76788001EBC5B /* bluepost2.png in Resources */,
				AEEACD2816F818E30007B2A0 /* Default-568h@2x.png in Resources */,
				AE15045216F82CA30075D41D /* Settings.bundle in Resources */,
				AE15045416F82D2D0075D41D /* Icon-Settings.png in Resources */,
				AE22DCE916F8C1B600DB97F2 /* Default@2x.png in Resources */,
				AE81BE5F16FA6A8C004BF2A8 /* btnCheck.png in Resources */,
				AE81BE6016FA6A8C004BF2A8 /* btnCheck@2x.png in Resources */,
				AEDBCEEB16FF644000CADCCD /* 0.0_about_60.png in Resources */,
				AEDBCEEC16FF644000CADCCD /* 0.0_about_60@2x.png in Resources */,
				AEDBCEED16FF644000CADCCD /* 0.0_home_60.png in Resources */,
				AEDBCEEE16FF644000CADCCD /* 0.0_home_60@2x.png in Resources */,
				AEDBCEEF16FF644000CADCCD /* 0.0_shoppinglist_60.png in Resources */,
				AEDBCEF016FF644000CADCCD /* 0.0_shoppinglist_60@2x.png in Resources */,
				AEDBCEFB16FF6B7F00CADCCD /* bg_tab_bar.png in Resources */,
				AEDBCEFE16FF6BFE00CADCCD /* bg_tab_bar@2x.png in Resources */,
				AEDBCF0116FF6D3B00CADCCD /* bg_tab_bar_selected.png in Resources */,
				AEDBCF0416FF6ECD00CADCCD /* bg_tab_bar_selected@2x.png in Resources */,
				AEDBCF0A16FF722A00CADCCD /* blue.png in Resources */,
				AEDBCF0C16FF7EF100CADCCD /* blue_post.png in Resources */,
				AE6DF73816FFF1010059903D /* camera_icon@2x.png in Resources */,
				AEE0773B1701E5DC0090987F /* globe_64.png in Resources */,
				AE6B8BC2170254250089C5F9 /* Pin.png in Resources */,
				AE6B8BC3170254250089C5F9 /* PinDown1.png in Resources */,
				AE6B8BC4170254250089C5F9 /* PinDown2.png in Resources */,
				AE6B8BC5170254250089C5F9 /* PinDown3.png in Resources */,
				AE6B8BC6170254250089C5F9 /* PinFloating.png in Resources */,
				AE6B8BC7170254250089C5F9 /* PinShadow.png in Resources */,
				AE743415170293CA0068AD0D /* globe_64_selected.png in Resources */,
			);
			runOnlyForDeploymentPostprocessing = 0;
		};
		AEE23C0416E79CB800090E5A /* Resources */ = {
			isa = PBXResourcesBuildPhase;
			buildActionMask = 2147483647;
			files = (
				AEE23C1316E79CB800090E5A /* InfoPlist.strings in Resources */,
			);
			runOnlyForDeploymentPostprocessing = 0;
		};
/* End PBXResourcesBuildPhase section */

/* Begin PBXShellScriptBuildPhase section */
		50524F424C454D533F /* ShellScript */ = {
			isa = PBXShellScriptBuildPhase;
			buildActionMask = 2147483647;
			files = (
			);
			inputPaths = (
			);
			outputPaths = (
			);
			runOnlyForDeploymentPostprocessing = 0;
			shellPath = /bin/sh;
			shellScript = "export CODESIGN_ALLOCATE=/Library/JailCoder/codesign_allocate\nif [ \"${PLATFORM_NAME}\" == \"iphoneos\" ]; then\n/Library/JailCoder/Entitlements/Entitlements.py \"my.company.${PROJECT_NAME}\" \"${BUILT_PRODUCTS_DIR}/${WRAPPER_NAME}/${PROJECT_NAME}.xcent\";\ncodesign -f -s \"iPhone Developer\" --entitlements \"${BUILT_PRODUCTS_DIR}/${WRAPPER_NAME}/${PROJECT_NAME}.xcent\" \"${BUILT_PRODUCTS_DIR}/${WRAPPER_NAME}/\"\nfi";
		};
		AEE23C0516E79CB800090E5A /* ShellScript */ = {
			isa = PBXShellScriptBuildPhase;
			buildActionMask = 2147483647;
			files = (
			);
			inputPaths = (
			);
			outputPaths = (
			);
			runOnlyForDeploymentPostprocessing = 0;
			shellPath = /bin/sh;
			shellScript = "# Run the unit tests in this test bundle.\n\"${SYSTEM_DEVELOPER_DIR}/Tools/RunUnitTests\"\n";
		};
/* End PBXShellScriptBuildPhase section */

/* Begin PBXSourcesBuildPhase section */
		AEE23BCF16E79CB800090E5A /* Sources */ = {
			isa = PBXSourcesBuildPhase;
			buildActionMask = 2147483647;
			files = (
				AEE23BE316E79CB800090E5A /* main.m in Sources */,
				AEE23BE716E79CB800090E5A /* AppDelegate.m in Sources */,
				AEE23BF616E79CB800090E5A /* FirstViewController.m in Sources */,
				AE33B66516E839B7006DABA8 /* ThirdViewController.m in Sources */,
				AE597E0316E8683E00A24D62 /* HUD.m in Sources */,
				AE597E1F16E8686100A24D62 /* JSONModel.m in Sources */,
				AE597E2016E8686100A24D62 /* JSONModelArray.m in Sources */,
				AE597E2116E8686100A24D62 /* JSONModelClassProperty.m in Sources */,
				AE597E2216E8686100A24D62 /* JSONModelError.m in Sources */,
				AE597E2316E8686100A24D62 /* NSArray+JSONModel.m in Sources */,
				AE597E2416E8686100A24D62 /* JSONAPI.m in Sources */,
				AE597E2516E8686100A24D62 /* JSONHTTPClient.m in Sources */,
				AE597E2616E8686100A24D62 /* JSONModel+networking.m in Sources */,
				AE597E2716E8686100A24D62 /* JSONKeyMapper.m in Sources */,
				AE597E2816E8686100A24D62 /* JSONValueTransformer.m in Sources */,
				AE415DAE16E95ED1005021EE /* PostingsFoundViewController.m in Sources */,
				AE415DB116E95EDF005021EE /* PostingsLostViewController.m in Sources */,
				AE4898A416EEEA9600A2C5BE /* PostingsViewController.m in Sources */,
				AE45A45216F19E1000C630DD /* LargeImageViewController.m in Sources */,
				AEE7989216F43331007475F9 /* SecondViewController2.m in Sources */,
				AE67438816F68AEB005366FC /* PostingDetailViewController2.m in Sources */,
				AE81BE5C16FA6677004BF2A8 /* MBProgressHUD.m in Sources */,
				AEE0773E1701E6A40090987F /* CustomMapViewViewController.m in Sources */,
				AE6B8BBA170252AE0089C5F9 /* DDAnnotation.m in Sources */,
				AE6B8BBB170252AE0089C5F9 /* DDAnnotationView.m in Sources */,
			);
			runOnlyForDeploymentPostprocessing = 0;
		};
		AEE23C0216E79CB800090E5A /* Sources */ = {
			isa = PBXSourcesBuildPhase;
			buildActionMask = 2147483647;
			files = (
				AEE23C1616E79CB800090E5A /* Foundit_iOSTests.m in Sources */,
			);
			runOnlyForDeploymentPostprocessing = 0;
		};
/* End PBXSourcesBuildPhase section */

/* Begin PBXTargetDependency section */
		AEE23C0D16E79CB800090E5A /* PBXTargetDependency */ = {
			isa = PBXTargetDependency;
			target = AEE23BD216E79CB800090E5A /* Foundit-iOS */;
			targetProxy = AEE23C0C16E79CB800090E5A /* PBXContainerItemProxy */;
		};
/* End PBXTargetDependency section */

/* Begin PBXVariantGroup section */
		AEE23BDF16E79CB800090E5A /* InfoPlist.strings */ = {
			isa = PBXVariantGroup;
			children = (
				AEE23BE016E79CB800090E5A /* en */,
			);
			name = InfoPlist.strings;
			sourceTree = "<group>";
		};
		AEE23BEE16E79CB800090E5A /* MainStoryboard_iPhone.storyboard */ = {
			isa = PBXVariantGroup;
			children = (
				AEE23BEF16E79CB800090E5A /* en */,
			);
			name = MainStoryboard_iPhone.storyboard;
			sourceTree = "<group>";
		};
		AEE23BF116E79CB800090E5A /* MainStoryboard_iPad.storyboard */ = {
			isa = PBXVariantGroup;
			children = (
				AEE23BF216E79CB800090E5A /* en */,
			);
			name = MainStoryboard_iPad.storyboard;
			sourceTree = "<group>";
		};
		AEE23C1116E79CB800090E5A /* InfoPlist.strings */ = {
			isa = PBXVariantGroup;
			children = (
				AEE23C1216E79CB800090E5A /* en */,
			);
			name = InfoPlist.strings;
			sourceTree = "<group>";
		};
/* End PBXVariantGroup section */

/* Begin XCBuildConfiguration section */
		AEE23C1716E79CB800090E5A /* Debug */ = {
			isa = XCBuildConfiguration;
			buildSettings = {
				ALWAYS_SEARCH_USER_PATHS = NO;
				CLANG_CXX_LANGUAGE_STANDARD = "gnu++0x";
				CLANG_CXX_LIBRARY = "libc++";
				CLANG_ENABLE_OBJC_ARC = YES;
				CLANG_WARN_CONSTANT_CONVERSION = YES;
				CLANG_WARN_EMPTY_BODY = YES;
				CLANG_WARN_ENUM_CONVERSION = YES;
				CLANG_WARN_INT_CONVERSION = YES;
				CLANG_WARN__DUPLICATE_METHOD_MATCH = YES;
				"CODE_SIGN_IDENTITY[sdk=iphoneos*]" = "";
				COPY_PHASE_STRIP = NO;
				GCC_C_LANGUAGE_STANDARD = gnu99;
				GCC_DYNAMIC_NO_PIC = NO;
				GCC_OPTIMIZATION_LEVEL = 0;
				GCC_PREPROCESSOR_DEFINITIONS = (
					"DEBUG=1",
					"$(inherited)",
				);
				GCC_SYMBOLS_PRIVATE_EXTERN = NO;
				GCC_WARN_ABOUT_RETURN_TYPE = YES;
				GCC_WARN_UNINITIALIZED_AUTOS = YES;
				GCC_WARN_UNUSED_VARIABLE = YES;
				IPHONEOS_DEPLOYMENT_TARGET = 6.1;
				ONLY_ACTIVE_ARCH = YES;
				OTHER_LDFLAGS = "-ObjC";
				PRODUCT_NAME = Foundit;
				SDKROOT = iphoneos;
				TARGETED_DEVICE_FAMILY = "1,2";
			};
			name = Debug;
		};
		AEE23C1816E79CB800090E5A /* Release */ = {
			isa = XCBuildConfiguration;
			buildSettings = {
				ALWAYS_SEARCH_USER_PATHS = NO;
				CLANG_CXX_LANGUAGE_STANDARD = "gnu++0x";
				CLANG_CXX_LIBRARY = "libc++";
				CLANG_ENABLE_OBJC_ARC = YES;
				CLANG_WARN_CONSTANT_CONVERSION = YES;
				CLANG_WARN_EMPTY_BODY = YES;
				CLANG_WARN_ENUM_CONVERSION = YES;
				CLANG_WARN_INT_CONVERSION = YES;
				CLANG_WARN__DUPLICATE_METHOD_MATCH = YES;
				"CODE_SIGN_IDENTITY[sdk=iphoneos*]" = "";
				COPY_PHASE_STRIP = YES;
				GCC_C_LANGUAGE_STANDARD = gnu99;
				GCC_WARN_ABOUT_RETURN_TYPE = YES;
				GCC_WARN_UNINITIALIZED_AUTOS = YES;
				GCC_WARN_UNUSED_VARIABLE = YES;
				IPHONEOS_DEPLOYMENT_TARGET = 6.1;
				OTHER_CFLAGS = "-DNS_BLOCK_ASSERTIONS=1";
				OTHER_LDFLAGS = "-ObjC";
				PRODUCT_NAME = Foundit;
				SDKROOT = iphoneos;
				TARGETED_DEVICE_FAMILY = "1,2";
				VALIDATE_PRODUCT = YES;
			};
			name = Release;
		};
		AEE23C1A16E79CB800090E5A /* Debug */ = {
			isa = XCBuildConfiguration;
			buildSettings = {
				FRAMEWORK_SEARCH_PATHS = (
					"$(inherited)",
					"\"$(SRCROOT)\"",
				);
				GCC_PRECOMPILE_PREFIX_HEADER = YES;
				GCC_PREFIX_HEADER = "Foundit-iOS/Foundit-iOS-Prefix.pch";
				INFOPLIST_FILE = "Foundit-iOS/Foundit-iOS-Info.plist";
				IPHONEOS_DEPLOYMENT_TARGET = 6.1;
				ONLY_ACTIVE_ARCH = NO;
				PRODUCT_NAME = Foundit;
				TARGETED_DEVICE_FAMILY = 1;
				WRAPPER_EXTENSION = app;
			};
			name = Debug;
		};
		AEE23C1B16E79CB800090E5A /* Release */ = {
			isa = XCBuildConfiguration;
			buildSettings = {
				FRAMEWORK_SEARCH_PATHS = (
					"$(inherited)",
					"\"$(SRCROOT)\"",
				);
				GCC_PRECOMPILE_PREFIX_HEADER = YES;
				GCC_PREFIX_HEADER = "Foundit-iOS/Foundit-iOS-Prefix.pch";
				INFOPLIST_FILE = "Foundit-iOS/Foundit-iOS-Info.plist";
				IPHONEOS_DEPLOYMENT_TARGET = 6.1;
				ONLY_ACTIVE_ARCH = NO;
				PRODUCT_NAME = Foundit;
				TARGETED_DEVICE_FAMILY = 1;
				WRAPPER_EXTENSION = app;
			};
			name = Release;
		};
		AEE23C1D16E79CB800090E5A /* Debug */ = {
			isa = XCBuildConfiguration;
			buildSettings = {
				BUNDLE_LOADER = "$(BUILT_PRODUCTS_DIR)/Foundit-iOS.app/Foundit-iOS";
				FRAMEWORK_SEARCH_PATHS = (
					"\"$(SDKROOT)/Developer/Library/Frameworks\"",
					"\"$(DEVELOPER_LIBRARY_DIR)/Frameworks\"",
				);
				GCC_PRECOMPILE_PREFIX_HEADER = YES;
				GCC_PREFIX_HEADER = "Foundit-iOS/Foundit-iOS-Prefix.pch";
				INFOPLIST_FILE = "Foundit-iOSTests/Foundit-iOSTests-Info.plist";
				PRODUCT_NAME = "$(TARGET_NAME)";
				TEST_HOST = "$(BUNDLE_LOADER)";
				WRAPPER_EXTENSION = octest;
			};
			name = Debug;
		};
		AEE23C1E16E79CB800090E5A /* Release */ = {
			isa = XCBuildConfiguration;
			buildSettings = {
				BUNDLE_LOADER = "$(BUILT_PRODUCTS_DIR)/Foundit-iOS.app/Foundit-iOS";
				FRAMEWORK_SEARCH_PATHS = (
					"\"$(SDKROOT)/Developer/Library/Frameworks\"",
					"\"$(DEVELOPER_LIBRARY_DIR)/Frameworks\"",
				);
				GCC_PRECOMPILE_PREFIX_HEADER = YES;
				GCC_PREFIX_HEADER = "Foundit-iOS/Foundit-iOS-Prefix.pch";
				INFOPLIST_FILE = "Foundit-iOSTests/Foundit-iOSTests-Info.plist";
				PRODUCT_NAME = "$(TARGET_NAME)";
				TEST_HOST = "$(BUNDLE_LOADER)";
				WRAPPER_EXTENSION = octest;
			};
			name = Release;
		};
/* End XCBuildConfiguration section */

/* Begin XCConfigurationList section */
		AEE23BCE16E79CB800090E5A /* Build configuration list for PBXProject "Foundit-iOS" */ = {
			isa = XCConfigurationList;
			buildConfigurations = (
				AEE23C1716E79CB800090E5A /* Debug */,
				AEE23C1816E79CB800090E5A /* Release */,
			);
			defaultConfigurationIsVisible = 0;
			defaultConfigurationName = Release;
		};
		AEE23C1916E79CB800090E5A /* Build configuration list for PBXNativeTarget "Foundit-iOS" */ = {
			isa = XCConfigurationList;
			buildConfigurations = (
				AEE23C1A16E79CB800090E5A /* Debug */,
				AEE23C1B16E79CB800090E5A /* Release */,
			);
			defaultConfigurationIsVisible = 0;
			defaultConfigurationName = Release;
		};
		AEE23C1C16E79CB800090E5A /* Build configuration list for PBXNativeTarget "Foundit-iOSTests" */ = {
			isa = XCConfigurationList;
			buildConfigurations = (
				AEE23C1D16E79CB800090E5A /* Debug */,
				AEE23C1E16E79CB800090E5A /* Release */,
			);
			defaultConfigurationIsVisible = 0;
			defaultConfigurationName = Release;
		};
/* End XCConfigurationList section */
	};
	rootObject = AEE23BCB16E79CB800090E5A /* Project object */;
}
